{
  "name": "barberBoss",
  "lockfileVersion": 3,
  "requires": true,
  "packages": {
    "": {
      "dependencies": {
        "data-uri-to-buffer": "^5.0.1"
      }
    },
    "node_modules/data-uri-to-buffer": {
      "version": "5.0.1",
      "resolved": "https://registry.npmjs.org/data-uri-to-buffer/-/data-uri-to-buffer-5.0.1.tgz",
      "integrity": "sha512-a9l6T1qqDogvvnw0nKlfZzqsyikEBZBClF39V3TFoKhDtGBqHu2HkuomJc02j5zft8zrUaXEuoicLeW54RkzPg==",
      "engines": {
        "node": ">= 14"
      }
    }
  }
}
